
Microsoft Visual Studio Solution File, Format Version 12.00
# Visual Studio Version 16
VisualStudioVersion = 16.0.30717.126
MinimumVisualStudioVersion = 10.0.40219.1
Project("{9A19103F-16F7-4668-BE54-9A1E7A4F7556}") = "merging-two-different-collections", "merging-two-different-collections.csproj", "{CB5A4FD9-6B89-4AF1-BC96-47E6596A52C9}"
EndProject
Project("{9A19103F-16F7-4668-BE54-9A1E7A4F7556}") = "iterator-on-different-collections", "..\iterator-on-different-collections\iterator-on-different-collections.csproj", "{941F4C2C-E30E-4768-BACD-93D0DF39B0A0}"
EndProject
Project("{FAE04EC0-301F-11D3-BF4B-00C04F79EFBC}") = "composite-pattern-restaurant-menu", "..\composite-pattern-restaurant-menu\composite-pattern-restaurant-menu.csproj", "{FA540F8A-DF76-419C-BF50-9814C97A9372}"
EndProject
Global
	GlobalSection(SolutionConfigurationPlatforms) = preSolution
		Debug|Any CPU = Debug|Any CPU
		Release|Any CPU = Release|Any CPU
	EndGlobalSection
	GlobalSection(ProjectConfigurationPlatforms) = postSolution
		{CB5A4FD9-6B89-4AF1-BC96-47E6596A52C9}.Debug|Any CPU.ActiveCfg = Debug|Any CPU
		{CB5A4FD9-6B89-4AF1-BC96-47E6596A52C9}.Debug|Any CPU.Build.0 = Debug|Any CPU
		{CB5A4FD9-6B89-4AF1-BC96-47E6596A52C9}.Release|Any CPU.ActiveCfg = Release|Any CPU
		{CB5A4FD9-6B89-4AF1-BC96-47E6596A52C9}.Release|Any CPU.Build.0 = Release|Any CPU
		{941F4C2C-E30E-4768-BACD-93D0DF39B0A0}.Debug|Any CPU.ActiveCfg = Debug|Any CPU
		{941F4C2C-E30E-4768-BACD-93D0DF39B0A0}.Debug|Any CPU.Build.0 = Debug|Any CPU
		{941F4C2C-E30E-4768-BACD-93D0DF39B0A0}.Release|Any CPU.ActiveCfg = Release|Any CPU
		{941F4C2C-E30E-4768-BACD-93D0DF39B0A0}.Release|Any CPU.Build.0 = Release|Any CPU
		{FA540F8A-DF76-419C-BF50-9814C97A9372}.Debug|Any CPU.ActiveCfg = Debug|Any CPU
		{FA540F8A-DF76-419C-BF50-9814C97A9372}.Debug|Any CPU.Build.0 = Debug|Any CPU
		{FA540F8A-DF76-419C-BF50-9814C97A9372}.Release|Any CPU.ActiveCfg = Release|Any CPU
		{FA540F8A-DF76-419C-BF50-9814C97A9372}.Release|Any CPU.Build.0 = Release|Any CPU
	EndGlobalSection
	GlobalSection(SolutionProperties) = preSolution
		HideSolutionNode = FALSE
	EndGlobalSection
	GlobalSection(ExtensibilityGlobals) = postSolution
		SolutionGuid = {BA03FB51-C9D8-44C8-8B8E-B0A90FBBA546}
	EndGlobalSection
EndGlobal
